
Microsoft Visual Studio Solution File, Format Version 12.00
# Visual Studio Version 16
VisualStudioVersion = 16.0.29911.84
MinimumVisualStudioVersion = 10.0.40219.1
Project("{9A19103F-16F7-4668-BE54-9A1E7A4F7556}") = "soeditor.cli", "soeditor.cli\soeditor.cli.csproj", "{3121ED00-17D9-4E15-A7E0-7EC312B5521B}"
EndProject
Project("{FAE04EC0-301F-11D3-BF4B-00C04F79EFBC}") = "soeditor", "soeditor\soeditor.csproj", "{874D4D61-1E7B-4594-8666-542FB58A2EAF}"
EndProject
Global
	GlobalSection(SolutionConfigurationPlatforms) = preSolution
		Debug|Any CPU = Debug|Any CPU
		Release|Any CPU = Release|Any CPU
	EndGlobalSection
	GlobalSection(ProjectConfigurationPlatforms) = postSolution
		{3121ED00-17D9-4E15-A7E0-7EC312B5521B}.Debug|Any CPU.ActiveCfg = Debug|Any CPU
		{3121ED00-17D9-4E15-A7E0-7EC312B5521B}.Debug|Any CPU.Build.0 = Debug|Any CPU
		{3121ED00-17D9-4E15-A7E0-7EC312B5521B}.Release|Any CPU.ActiveCfg = Release|Any CPU
		{3121ED00-17D9-4E15-A7E0-7EC312B5521B}.Release|Any CPU.Build.0 = Release|Any CPU
		{874D4D61-1E7B-4594-8666-542FB58A2EAF}.Debug|Any CPU.ActiveCfg = Debug|Any CPU
		{874D4D61-1E7B-4594-8666-542FB58A2EAF}.Debug|Any CPU.Build.0 = Debug|Any CPU
		{874D4D61-1E7B-4594-8666-542FB58A2EAF}.Release|Any CPU.ActiveCfg = Release|Any CPU
		{874D4D61-1E7B-4594-8666-542FB58A2EAF}.Release|Any CPU.Build.0 = Release|Any CPU
	EndGlobalSection
	GlobalSection(SolutionProperties) = preSolution
		HideSolutionNode = FALSE
	EndGlobalSection
	GlobalSection(ExtensibilityGlobals) = postSolution
		SolutionGuid = {655179A7-B5A9-43C0-AA87-B98295BFFB5A}
	EndGlobalSection
EndGlobal
